// !$*UTF8*$!
{
	archiveVersion = 1;
	classes = {
	};
	objectVersion = 50;
	objects = {

/* Begin PBXBuildFile section */
		6417CD9723DC4BBE0038AD28 /* bgm.mp3 in Resources */ = {isa = PBXBuildFile; fileRef = 6417CD9623DC4BBE0038AD28 /* bgm.mp3 */; };
		6417CD9923DD29710038AD28 /* BGM2.mp3 in Resources */ = {isa = PBXBuildFile; fileRef = 6417CD9823DD29710038AD28 /* BGM2.mp3 */; };
		6417CD9B23DD6DAC0038AD28 /* BGM3.mp3 in Resources */ = {isa = PBXBuildFile; fileRef = 6417CD9A23DD6DAC0038AD28 /* BGM3.mp3 */; };
		644F6DDD23B33160002E2FC3 /* AppDelegate.swift in Sources */ = {isa = PBXBuildFile; fileRef = 644F6DDC23B33160002E2FC3 /* AppDelegate.swift */; };
		644F6DDF23B33160002E2FC3 /* SceneDelegate.swift in Sources */ = {isa = PBXBuildFile; fileRef = 644F6DDE23B33160002E2FC3 /* SceneDelegate.swift */; };
		644F6DE123B33160002E2FC3 /* ViewController.swift in Sources */ = {isa = PBXBuildFile; fileRef = 644F6DE023B33160002E2FC3 /* ViewController.swift */; };
		644F6DE423B33160002E2FC3 /* Main.storyboard in Resources */ = {isa = PBXBuildFile; fileRef = 644F6DE223B33160002E2FC3 /* Main.storyboard */; };
		644F6DE623B33165002E2FC3 /* Assets.xcassets in Resources */ = {isa = PBXBuildFile; fileRef = 644F6DE523B33165002E2FC3 /* Assets.xcassets */; };
		644F6DE923B33165002E2FC3 /* LaunchScreen.storyboard in Resources */ = {isa = PBXBuildFile; fileRef = 644F6DE723B33165002E2FC3 /* LaunchScreen.storyboard */; };
		644F6DF423B33165002E2FC3 /* BarabaraGameTests.swift in Sources */ = {isa = PBXBuildFile; fileRef = 644F6DF323B33165002E2FC3 /* BarabaraGameTests.swift */; };
		644F6DFF23B33165002E2FC3 /* BarabaraGameUITests.swift in Sources */ = {isa = PBXBuildFile; fileRef = 644F6DFE23B33165002E2FC3 /* BarabaraGameUITests.swift */; };
		644F6E0D23B33AAC002E2FC3 /* bar.png in Resources */ = {isa = PBXBuildFile; fileRef = 644F6E0C23B33AAC002E2FC3 /* bar.png */; };
		644F6E0F23B33AB7002E2FC3 /* tail.png in Resources */ = {isa = PBXBuildFile; fileRef = 644F6E0E23B33AB7002E2FC3 /* tail.png */; };
		644F6E1123B34418002E2FC3 /* GameViewController.swift in Sources */ = {isa = PBXBuildFile; fileRef = 644F6E1023B34418002E2FC3 /* GameViewController.swift */; };
		644F6E1323B34432002E2FC3 /* RnkingViewController.swift in Sources */ = {isa = PBXBuildFile; fileRef = 644F6E1223B34432002E2FC3 /* RnkingViewController.swift */; };
/* End PBXBuildFile section */

/* Begin PBXContainerItemProxy section */
		644F6DF023B33165002E2FC3 /* PBXContainerItemProxy */ = {
			isa = PBXContainerItemProxy;
			containerPortal = 644F6DD123B33160002E2FC3 /* Project object */;
			proxyType = 1;
			remoteGlobalIDString = 644F6DD823B33160002E2FC3;
			remoteInfo = BarabaraGame;
		};
		644F6DFB23B33165002E2FC3 /* PBXContainerItemProxy */ = {
			isa = PBXContainerItemProxy;
			containerPortal = 644F6DD123B33160002E2FC3 /* Project object */;
			proxyType = 1;
			remoteGlobalIDString = 644F6DD823B33160002E2FC3;
			remoteInfo = BarabaraGame;
		};
/* End PBXContainerItemProxy section */

/* Begin PBXFileReference section */
		6417CD9623DC4BBE0038AD28 /* bgm.mp3 */ = {isa = PBXFileReference; lastKnownFileType = audio.mp3; path = bgm.mp3; sourceTree = "<group>"; };
		6417CD9823DD29710038AD28 /* BGM2.mp3 */ = {isa = PBXFileReference; lastKnownFileType = audio.mp3; path = BGM2.mp3; sourceTree = "<group>"; };
		6417CD9A23DD6DAC0038AD28 /* BGM3.mp3 */ = {isa = PBXFileReference; lastKnownFileType = audio.mp3; path = BGM3.mp3; sourceTree = "<group>"; };
		644F6DD923B33160002E2FC3 /* BarabaraGame.app */ = {isa = PBXFileReference; explicitFileType = wrapper.application; includeInIndex = 0; path = BarabaraGame.app; sourceTree = BUILT_PRODUCTS_DIR; };
		644F6DDC23B33160002E2FC3 /* AppDelegate.swift */ = {isa = PBXFileReference; lastKnownFileType = sourcecode.swift; path = AppDelegate.swift; sourceTree = "<group>"; };
		644F6DDE23B33160002E2FC3 /* SceneDelegate.swift */ = {isa = PBXFileReference; lastKnownFileType = sourcecode.swift; path = SceneDelegate.swift; sourceTree = "<group>"; };
		644F6DE023B33160002E2FC3 /* ViewController.swift */ = {isa = PBXFileReference; lastKnownFileType = sourcecode.swift; path = ViewController.swift; sourceTree = "<group>"; };
		644F6DE323B33160002E2FC3 /* Base */ = {isa = PBXFileReference; lastKnownFileType = file.storyboard; name = Base; path = Base.lproj/Main.storyboard; sourceTree = "<group>"; };
		644F6DE523B33165002E2FC3 /* Assets.xcassets */ = {isa = PBXFileReference; lastKnownFileType = folder.assetcatalog; path = Assets.xcassets; sourceTree = "<group>"; };
		644F6DE823B33165002E2FC3 /* Base */ = {isa = PBXFileReference; lastKnownFileType = file.storyboard; name = Base; path = Base.lproj/LaunchScreen.storyboard; sourceTree = "<group>"; };
		644F6DEA23B33165002E2FC3 /* Info.plist */ = {isa = PBXFileReference; lastKnownFileType = text.plist.xml; path = Info.plist; sourceTree = "<group>"; };
		644F6DEF23B33165002E2FC3 /* BarabaraGameTests.xctest */ = {isa = PBXFileReference; explicitFileType = wrapper.cfbundle; includeInIndex = 0; path = BarabaraGameTests.xctest; sourceTree = BUILT_PRODUCTS_DIR; };
		644F6DF323B33165002E2FC3 /* BarabaraGameTests.swift */ = {isa = PBXFileReference; lastKnownFileType = sourcecode.swift; path = BarabaraGameTests.swift; sourceTree = "<group>"; };
		644F6DF523B33165002E2FC3 /* Info.plist */ = {isa = PBXFileReference; lastKnownFileType = text.plist.xml; path = Info.plist; sourceTree = "<group>"; };
		644F6DFA23B33165002E2FC3 /* BarabaraGameUITests.xctest */ = {isa = PBXFileReference; explicitFileType = wrapper.cfbundle; includeInIndex = 0; path = BarabaraGameUITests.xctest; sourceTree = BUILT_PRODUCTS_DIR; };
		644F6DFE23B33165002E2FC3 /* BarabaraGameUITests.swift */ = {isa = PBXFileReference; lastKnownFileType = sourcecode.swift; path = BarabaraGameUITests.swift; sourceTree = "<group>"; };
		644F6E0023B33165002E2FC3 /* Info.plist */ = {isa = PBXFileReference; lastKnownFileType = text.plist.xml; path = Info.plist; sourceTree = "<group>"; };
		644F6E0C23B33AAC002E2FC3 /* bar.png */ = {isa = PBXFileReference; lastKnownFileType = image.png; path = bar.png; sourceTree = "<group>"; };
		644F6E0E23B33AB7002E2FC3 /* tail.png */ = {isa = PBXFileReference; lastKnownFileType = image.png; path = tail.png; sourceTree = "<group>"; };
		644F6E1023B34418002E2FC3 /* GameViewController.swift */ = {isa = PBXFileReference; lastKnownFileType = sourcecode.swift; path = GameViewController.swift; sourceTree = "<group>"; };
		644F6E1223B34432002E2FC3 /* RnkingViewController.swift */ = {isa = PBXFileReference; lastKnownFileType = sourcecode.swift; path = RnkingViewController.swift; sourceTree = "<group>"; };
/* End PBXFileReference section */

/* Begin PBXFrameworksBuildPhase section */
		644F6DD623B33160002E2FC3 /* Frameworks */ = {
			isa = PBXFrameworksBuildPhase;
			buildActionMask = 2147483647;
			files = (
			);
			runOnlyForDeploymentPostprocessing = 0;
		};
		644F6DEC23B33165002E2FC3 /* Frameworks */ = {
			isa = PBXFrameworksBuildPhase;
			buildActionMask = 2147483647;
			files = (
			);
			runOnlyForDeploymentPostprocessing = 0;
		};
		644F6DF723B33165002E2FC3 /* Frameworks */ = {
			isa = PBXFrameworksBuildPhase;
			buildActionMask = 2147483647;
			files = (
			);
			runOnlyForDeploymentPostprocessing = 0;
		};
/* End PBXFrameworksBuildPhase section */

/* Begin PBXGroup section */
		644F6DD023B33160002E2FC3 = {
			isa = PBXGroup;
			children = (
				644F6DDB23B33160002E2FC3 /* BarabaraGame */,
				644F6DF223B33165002E2FC3 /* BarabaraGameTests */,
				644F6DFD23B33165002E2FC3 /* BarabaraGameUITests */,
				644F6DDA23B33160002E2FC3 /* Products */,
			);
			sourceTree = "<group>";
		};
		644F6DDA23B33160002E2FC3 /* Products */ = {
			isa = PBXGroup;
			children = (
				644F6DD923B33160002E2FC3 /* BarabaraGame.app */,
				644F6DEF23B33165002E2FC3 /* BarabaraGameTests.xctest */,
				644F6DFA23B33165002E2FC3 /* BarabaraGameUITests.xctest */,
			);
			name = Products;
			sourceTree = "<group>";
		};
		644F6DDB23B33160002E2FC3 /* BarabaraGame */ = {
			isa = PBXGroup;
			children = (
				6417CD9623DC4BBE0038AD28 /* bgm.mp3 */,
				6417CD9823DD29710038AD28 /* BGM2.mp3 */,
				6417CD9A23DD6DAC0038AD28 /* BGM3.mp3 */,
				644F6E0E23B33AB7002E2FC3 /* tail.png */,
				644F6E0C23B33AAC002E2FC3 /* bar.png */,
				644F6DE223B33160002E2FC3 /* Main.storyboard */,
				644F6DE023B33160002E2FC3 /* ViewController.swift */,
				644F6E1023B34418002E2FC3 /* GameViewController.swift */,
				644F6E1223B34432002E2FC3 /* RnkingViewController.swift */,
				644F6DDC23B33160002E2FC3 /* AppDelegate.swift */,
				644F6DDE23B33160002E2FC3 /* SceneDelegate.swift */,
				644F6DE523B33165002E2FC3 /* Assets.xcassets */,
				644F6DE723B33165002E2FC3 /* LaunchScreen.storyboard */,
				644F6DEA23B33165002E2FC3 /* Info.plist */,
			);
			path = BarabaraGame;
			sourceTree = "<group>";
		};
		644F6DF223B33165002E2FC3 /* BarabaraGameTests */ = {
			isa = PBXGroup;
			children = (
				644F6DF323B33165002E2FC3 /* BarabaraGameTests.swift */,
				644F6DF523B33165002E2FC3 /* Info.plist */,
			);
			path = BarabaraGameTests;
			sourceTree = "<group>";
		};
		644F6DFD23B33165002E2FC3 /* BarabaraGameUITests */ = {
			isa = PBXGroup;
			children = (
				644F6DFE23B33165002E2FC3 /* BarabaraGameUITests.swift */,
				644F6E0023B33165002E2FC3 /* Info.plist */,
			);
			path = BarabaraGameUITests;
			sourceTree = "<group>";
		};
/* End PBXGroup section */

/* Begin PBXNativeTarget section */
		644F6DD823B33160002E2FC3 /* BarabaraGame */ = {
			isa = PBXNativeTarget;
			buildConfigurationList = 644F6E0323B33165002E2FC3 /* Build configuration list for PBXNativeTarget "BarabaraGame" */;
			buildPhases = (
				644F6DD523B33160002E2FC3 /* Sources */,
				644F6DD623B33160002E2FC3 /* Frameworks */,
				644F6DD723B33160002E2FC3 /* Resources */,
			);
			buildRules = (
			);
			dependencies = (
			);
			name = BarabaraGame;
			productName = BarabaraGame;
			productReference = 644F6DD923B33160002E2FC3 /* BarabaraGame.app */;
			productType = "com.apple.product-type.application";
		};
		644F6DEE23B33165002E2FC3 /* BarabaraGameTests */ = {
			isa = PBXNativeTarget;
			buildConfigurationList = 644F6E0623B33165002E2FC3 /* Build configuration list for PBXNativeTarget "BarabaraGameTests" */;
			buildPhases = (
				644F6DEB23B33165002E2FC3 /* Sources */,
				644F6DEC23B33165002E2FC3 /* Frameworks */,
				644F6DED23B33165002E2FC3 /* Resources */,
			);
			buildRules = (
			);
			dependencies = (
				644F6DF123B33165002E2FC3 /* PBXTargetDependency */,
			);
			name = BarabaraGameTests;
			productName = BarabaraGameTests;
			productReference = 644F6DEF23B33165002E2FC3 /* BarabaraGameTests.xctest */;
			productType = "com.apple.product-type.bundle.unit-test";
		};
		644F6DF923B33165002E2FC3 /* BarabaraGameUITests */ = {
			isa = PBXNativeTarget;
			buildConfigurationList = 644F6E0923B33165002E2FC3 /* Build configuration list for PBXNativeTarget "BarabaraGameUITests" */;
			buildPhases = (
				644F6DF623B33165002E2FC3 /* Sources */,
				644F6DF723B33165002E2FC3 /* Frameworks */,
				644F6DF823B33165002E2FC3 /* Resources */,
			);
			buildRules = (
			);
			dependencies = (
				644F6DFC23B33165002E2FC3 /* PBXTargetDependency */,
			);
			name = BarabaraGameUITests;
			productName = BarabaraGameUITests;
			productReference = 644F6DFA23B33165002E2FC3 /* BarabaraGameUITests.xctest */;
			productType = "com.apple.product-type.bundle.ui-testing";
		};
/* End PBXNativeTarget section */

/* Begin PBXProject section */
		644F6DD123B33160002E2FC3 /* Project object */ = {
			isa = PBXProject;
			attributes = {
				LastSwiftUpdateCheck = 1120;
				LastUpgradeCheck = 1120;
				ORGANIZATIONNAME = "Kazuma Adachi";
				TargetAttributes = {
					644F6DD823B33160002E2FC3 = {
						CreatedOnToolsVersion = 11.2.1;
					};
					644F6DEE23B33165002E2FC3 = {
						CreatedOnToolsVersion = 11.2.1;
						TestTargetID = 644F6DD823B33160002E2FC3;
					};
					644F6DF923B33165002E2FC3 = {
						CreatedOnToolsVersion = 11.2.1;
						TestTargetID = 644F6DD823B33160002E2FC3;
					};
				};
			};
			buildConfigurationList = 644F6DD423B33160002E2FC3 /* Build configuration list for PBXProject "BarabaraGame" */;
			compatibilityVersion = "Xcode 9.3";
			developmentRegion = en;
			hasScannedForEncodings = 0;
			knownRegions = (
				en,
				Base,
			);
			mainGroup = 644F6DD023B33160002E2FC3;
			productRefGroup = 644F6DDA23B33160002E2FC3 /* Products */;
			projectDirPath = "";
			projectRoot = "";
			targets = (
				644F6DD823B33160002E2FC3 /* BarabaraGame */,
				644F6DEE23B33165002E2FC3 /* BarabaraGameTests */,
				644F6DF923B33165002E2FC3 /* BarabaraGameUITests */,
			);
		};
/* End PBXProject section */

/* Begin PBXResourcesBuildPhase section */
		644F6DD723B33160002E2FC3 /* Resources */ = {
			isa = PBXResourcesBuildPhase;
			buildActionMask = 2147483647;
			files = (
				644F6DE923B33165002E2FC3 /* LaunchScreen.storyboard in Resources */,
				6417CD9923DD29710038AD28 /* BGM2.mp3 in Resources */,
				644F6E0F23B33AB7002E2FC3 /* tail.png in Resources */,
				644F6DE623B33165002E2FC3 /* Assets.xcassets in Resources */,
				644F6DE423B33160002E2FC3 /* Main.storyboard in Resources */,
				6417CD9723DC4BBE0038AD28 /* bgm.mp3 in Resources */,
				6417CD9B23DD6DAC0038AD28 /* BGM3.mp3 in Resources */,
				644F6E0D23B33AAC002E2FC3 /* bar.png in Resources */,
			);
			runOnlyForDeploymentPostprocessing = 0;
		};
		644F6DED23B33165002E2FC3 /* Resources */ = {
			isa = PBXResourcesBuildPhase;
			buildActionMask = 2147483647;
			files = (
			);
			runOnlyForDeploymentPostprocessing = 0;
		};
		644F6DF823B33165002E2FC3 /* Resources */ = {
			isa = PBXResourcesBuildPhase;
			buildActionMask = 2147483647;
			files = (
			);
			runOnlyForDeploymentPostprocessing = 0;
		};
/* End PBXResourcesBuildPhase section */

/* Begin PBXSourcesBuildPhase section */
		644F6DD523B33160002E2FC3 /* Sources */ = {
			isa = PBXSourcesBuildPhase;
			buildActionMask = 2147483647;
			files = (
				644F6E1123B34418002E2FC3 /* GameViewController.swift in Sources */,
				644F6DE123B33160002E2FC3 /* ViewController.swift in Sources */,
				644F6E1323B34432002E2FC3 /* RnkingViewController.swift in Sources */,
				644F6DDD23B33160002E2FC3 /* AppDelegate.swift in Sources */,
				644F6DDF23B33160002E2FC3 /* SceneDelegate.swift in Sources */,
			);
			runOnlyForDeploymentPostprocessing = 0;
		};
		644F6DEB23B33165002E2FC3 /* Sources */ = {
			isa = PBXSourcesBuildPhase;
			buildActionMask = 2147483647;
			files = (
				644F6DF423B33165002E2FC3 /* BarabaraGameTests.swift in Sources */,
			);
			runOnlyForDeploymentPostprocessing = 0;
		};
		644F6DF623B33165002E2FC3 /* Sources */ = {
			isa = PBXSourcesBuildPhase;
			buildActionMask = 2147483647;
			files = (
				644F6DFF23B33165002E2FC3 /* BarabaraGameUITests.swift in Sources */,
			);
			runOnlyForDeploymentPostprocessing = 0;
		};
/* End PBXSourcesBuildPhase section */

/* Begin PBXTargetDependency section */
		644F6DF123B33165002E2FC3 /* PBXTargetDependency */ = {
			isa = PBXTargetDependency;
			target = 644F6DD823B33160002E2FC3 /* BarabaraGame */;
			targetProxy = 644F6DF023B33165002E2FC3 /* PBXContainerItemProxy */;
		};
		644F6DFC23B33165002E2FC3 /* PBXTargetDependency */ = {
			isa = PBXTargetDependency;
			target = 644F6DD823B33160002E2FC3 /* BarabaraGame */;
			targetProxy = 644F6DFB23B33165002E2FC3 /* PBXContainerItemProxy */;
		};
/* End PBXTargetDependency section */

/* Begin PBXVariantGroup section */
		644F6DE223B33160002E2FC3 /* Main.storyboard */ = {
			isa = PBXVariantGroup;
			children = (
				644F6DE323B33160002E2FC3 /* Base */,
			);
			name = Main.storyboard;
			sourceTree = "<group>";
		};
		644F6DE723B33165002E2FC3 /* LaunchScreen.storyboard */ = {
			isa = PBXVariantGroup;
			children = (
				644F6DE823B33165002E2FC3 /* Base */,
			);
			name = LaunchScreen.storyboard;
			sourceTree = "<group>";
		};
/* End PBXVariantGroup section */

/* Begin XCBuildConfiguration section */
		644F6E0123B33165002E2FC3 /* Debug */ = {
			isa = XCBuildConfiguration;
			buildSettings = {
				ALWAYS_SEARCH_USER_PATHS = NO;
				CLANG_ANALYZER_NONNULL = YES;
				CLANG_ANALYZER_NUMBER_OBJECT_CONVERSION = YES_AGGRESSIVE;
				CLANG_CXX_LANGUAGE_STANDARD = "gnu++14";
				CLANG_CXX_LIBRARY = "libc++";
				CLANG_ENABLE_MODULES = YES;
				CLANG_ENABLE_OBJC_ARC = YES;
				CLANG_ENABLE_OBJC_WEAK = YES;
				CLANG_WARN_BLOCK_CAPTURE_AUTORELEASING = YES;
				CLANG_WARN_BOOL_CONVERSION = YES;
				CLANG_WARN_COMMA = YES;
				CLANG_WARN_CONSTANT_CONVERSION = YES;
				CLANG_WARN_DEPRECATED_OBJC_IMPLEMENTATIONS = YES;
				CLANG_WARN_DIRECT_OBJC_ISA_USAGE = YES_ERROR;
				CLANG_WARN_DOCUMENTATION_COMMENTS = YES;
				CLANG_WARN_EMPTY_BODY = YES;
				CLANG_WARN_ENUM_CONVERSION = YES;
				CLANG_WARN_INFINITE_RECURSION = YES;
				CLANG_WARN_INT_CONVERSION = YES;
				CLANG_WARN_NON_LITERAL_NULL_CONVERSION = YES;
				CLANG_WARN_OBJC_IMPLICIT_RETAIN_SELF = YES;
				CLANG_WARN_OBJC_LITERAL_CONVERSION = YES;
				CLANG_WARN_OBJC_ROOT_CLASS = YES_ERROR;
				CLANG_WARN_RANGE_LOOP_ANALYSIS = YES;
				CLANG_WARN_STRICT_PROTOTYPES = YES;
				CLANG_WARN_SUSPICIOUS_MOVE = YES;
				CLANG_WARN_UNGUARDED_AVAILABILITY = YES_AGGRESSIVE;
				CLANG_WARN_UNREACHABLE_CODE = YES;
				CLANG_WARN__DUPLICATE_METHOD_MATCH = YES;
				COPY_PHASE_STRIP = NO;
				DEBUG_INFORMATION_FORMAT = dwarf;
				ENABLE_STRICT_OBJC_MSGSEND = YES;
				ENABLE_TESTABILITY = YES;
				GCC_C_LANGUAGE_STANDARD = gnu11;
				GCC_DYNAMIC_NO_PIC = NO;
				GCC_NO_COMMON_BLOCKS = YES;
				GCC_OPTIMIZATION_LEVEL = 0;
				GCC_PREPROCESSOR_DEFINITIONS = (
					"DEBUG=1",
					"$(inherited)",
				);
				GCC_WARN_64_TO_32_BIT_CONVERSION = YES;
				GCC_WARN_ABOUT_RETURN_TYPE = YES_ERROR;
				GCC_WARN_UNDECLARED_SELECTOR = YES;
				GCC_WARN_UNINITIALIZED_AUTOS = YES_AGGRESSIVE;
				GCC_WARN_UNUSED_FUNCTION = YES;
				GCC_WARN_UNUSED_VARIABLE = YES;
				IPHONEOS_DEPLOYMENT_TARGET = 13.2;
				MTL_ENABLE_DEBUG_INFO = INCLUDE_SOURCE;
				MTL_FAST_MATH = YES;
				ONLY_ACTIVE_ARCH = YES;
				SDKROOT = iphoneos;
				SWIFT_ACTIVE_COMPILATION_CONDITIONS = DEBUG;
				SWIFT_OPTIMIZATION_LEVEL = "-Onone";
			};
			name = Debug;
		};
		644F6E0223B33165002E2FC3 /* Release */ = {
			isa = XCBuildConfiguration;
			buildSettings = {
				ALWAYS_SEARCH_USER_PATHS = NO;
				CLANG_ANALYZER_NONNULL = YES;
				CLANG_ANALYZER_NUMBER_OBJECT_CONVERSION = YES_AGGRESSIVE;
				CLANG_CXX_LANGUAGE_STANDARD = "gnu++14";
				CLANG_CXX_LIBRARY = "libc++";
				CLANG_ENABLE_MODULES = YES;
				CLANG_ENABLE_OBJC_ARC = YES;
				CLANG_ENABLE_OBJC_WEAK = YES;
				CLANG_WARN_BLOCK_CAPTURE_AUTORELEASING = YES;
				CLANG_WARN_BOOL_CONVERSION = YES;
				CLANG_WARN_COMMA = YES;
				CLANG_WARN_CONSTANT_CONVERSION = YES;
				CLANG_WARN_DEPRECATED_OBJC_IMPLEMENTATIONS = YES;
				CLANG_WARN_DIRECT_OBJC_ISA_USAGE = YES_ERROR;
				CLANG_WARN_DOCUMENTATION_COMMENTS = YES;
				CLANG_WARN_EMPTY_BODY = YES;
				CLANG_WARN_ENUM_CONVERSION = YES;
				CLANG_WARN_INFINITE_RECURSION = YES;
				CLANG_WARN_INT_CONVERSION = YES;
				CLANG_WARN_NON_LITERAL_NULL_CONVERSION = YES;
				CLANG_WARN_OBJC_IMPLICIT_RETAIN_SELF = YES;
				CLANG_WARN_OBJC_LITERAL_CONVERSION = YES;
				CLANG_WARN_OBJC_ROOT_CLASS = YES_ERROR;
				CLANG_WARN_RANGE_LOOP_ANALYSIS = YES;
				CLANG_WARN_STRICT_PROTOTYPES = YES;
				CLANG_WARN_SUSPICIOUS_MOVE = YES;
				CLANG_WARN_UNGUARDED_AVAILABILITY = YES_AGGRESSIVE;
				CLANG_WARN_UNREACHABLE_CODE = YES;
				CLANG_WARN__DUPLICATE_METHOD_MATCH = YES;
				COPY_PHASE_STRIP = NO;
				DEBUG_INFORMATION_FORMAT = "dwarf-with-dsym";
				ENABLE_NS_ASSERTIONS = NO;
				ENABLE_STRICT_OBJC_MSGSEND = YES;
				GCC_C_LANGUAGE_STANDARD = gnu11;
				GCC_NO_COMMON_BLOCKS = YES;
				GCC_WARN_64_TO_32_BIT_CONVERSION = YES;
				GCC_WARN_ABOUT_RETURN_TYPE = YES_ERROR;
				GCC_WARN_UNDECLARED_SELECTOR = YES;
				GCC_WARN_UNINITIALIZED_AUTOS = YES_AGGRESSIVE;
				GCC_WARN_UNUSED_FUNCTION = YES;
				GCC_WARN_UNUSED_VARIABLE = YES;
				IPHONEOS_DEPLOYMENT_TARGET = 13.2;
				MTL_ENABLE_DEBUG_INFO = NO;
				MTL_FAST_MATH = YES;
				SDKROOT = iphoneos;
				SWIFT_COMPILATION_MODE = wholemodule;
				SWIFT_OPTIMIZATION_LEVEL = "-O";
				VALIDATE_PRODUCT = YES;
			};
			name = Release;
		};
		644F6E0423B33165002E2FC3 /* Debug */ = {
			isa = XCBuildConfiguration;
			buildSettings = {
				ASSETCATALOG_COMPILER_APPICON_NAME = AppIcon;
				CODE_SIGN_STYLE = Automatic;
				INFOPLIST_FILE = BarabaraGame/Info.plist;
				LD_RUNPATH_SEARCH_PATHS = (
					"$(inherited)",
					"@executable_path/Frameworks",
				);
				PRODUCT_BUNDLE_IDENTIFIER = app.adachi.kazuma.BarabaraGame;
				PRODUCT_NAME = "$(TARGET_NAME)";
				SWIFT_VERSION = 5.0;
				TARGETED_DEVICE_FAMILY = "1,2";
			};
			name = Debug;
		};
		644F6E0523B33165002E2FC3 /* Release */ = {
			isa = XCBuildConfiguration;
			buildSettings = {
				ASSETCATALOG_COMPILER_APPICON_NAME = AppIcon;
				CODE_SIGN_STYLE = Automatic;
				INFOPLIST_FILE = BarabaraGame/Info.plist;
				LD_RUNPATH_SEARCH_PATHS = (
					"$(inherited)",
					"@executable_path/Frameworks",
				);
				PRODUCT_BUNDLE_IDENTIFIER = app.adachi.kazuma.BarabaraGame;
				PRODUCT_NAME = "$(TARGET_NAME)";
				SWIFT_VERSION = 5.0;
				TARGETED_DEVICE_FAMILY = "1,2";
			};
			name = Release;
		};
		644F6E0723B33165002E2FC3 /* Debug */ = {
			isa = XCBuildConfiguration;
			buildSettings = {
				ALWAYS_EMBED_SWIFT_STANDARD_LIBRARIES = YES;
				BUNDLE_LOADER = "$(TEST_HOST)";
				CODE_SIGN_STYLE = Automatic;
				INFOPLIST_FILE = BarabaraGameTests/Info.plist;
				IPHONEOS_DEPLOYMENT_TARGET = 13.2;
				LD_RUNPATH_SEARCH_PATHS = (
					"$(inherited)",
					"@executable_path/Frameworks",
					"@loader_path/Frameworks",
				);
				PRODUCT_BUNDLE_IDENTIFIER = app.adachi.kazuma.BarabaraGameTests;
				PRODUCT_NAME = "$(TARGET_NAME)";
				SWIFT_VERSION = 5.0;
				TARGETED_DEVICE_FAMILY = "1,2";
				TEST_HOST = "$(BUILT_PRODUCTS_DIR)/BarabaraGame.app/BarabaraGame";
			};
			name = Debug;
		};
		644F6E0823B33165002E2FC3 /* Release */ = {
			isa = XCBuildConfiguration;
			buildSettings = {
				ALWAYS_EMBED_SWIFT_STANDARD_LIBRARIES = YES;
				BUNDLE_LOADER = "$(TEST_HOST)";
				CODE_SIGN_STYLE = Automatic;
				INFOPLIST_FILE = BarabaraGameTests/Info.plist;
				IPHONEOS_DEPLOYMENT_TARGET = 13.2;
				LD_RUNPATH_SEARCH_PATHS = (
					"$(inherited)",
					"@executable_path/Frameworks",
					"@loader_path/Frameworks",
				);
				PRODUCT_BUNDLE_IDENTIFIER = app.adachi.kazuma.BarabaraGameTests;
				PRODUCT_NAME = "$(TARGET_NAME)";
				SWIFT_VERSION = 5.0;
				TARGETED_DEVICE_FAMILY = "1,2";
				TEST_HOST = "$(BUILT_PRODUCTS_DIR)/BarabaraGame.app/BarabaraGame";
			};
			name = Release;
		};
		644F6E0A23B33165002E2FC3 /* Debug */ = {
			isa = XCBuildConfiguration;
			buildSettings = {
				ALWAYS_EMBED_SWIFT_STANDARD_LIBRARIES = YES;
				CODE_SIGN_STYLE = Automatic;
				INFOPLIST_FILE = BarabaraGameUITests/Info.plist;
				LD_RUNPATH_SEARCH_PATHS = (
					"$(inherited)",
					"@executable_path/Frameworks",
					"@loader_path/Frameworks",
				);
				PRODUCT_BUNDLE_IDENTIFIER = app.adachi.kazuma.BarabaraGameUITests;
				PRODUCT_NAME = "$(TARGET_NAME)";
				SWIFT_VERSION = 5.0;
				TARGETED_DEVICE_FAMILY = "1,2";
				TEST_TARGET_NAME = BarabaraGame;
			};
			name = Debug;
		};
		644F6E0B23B33165002E2FC3 /* Release */ = {
			isa = XCBuildConfiguration;
			buildSettings = {
				ALWAYS_EMBED_SWIFT_STANDARD_LIBRARIES = YES;
				CODE_SIGN_STYLE = Automatic;
				INFOPLIST_FILE = BarabaraGameUITests/Info.plist;
				LD_RUNPATH_SEARCH_PATHS = (
					"$(inherited)",
					"@executable_path/Frameworks",
					"@loader_path/Frameworks",
				);
				PRODUCT_BUNDLE_IDENTIFIER = app.adachi.kazuma.BarabaraGameUITests;
				PRODUCT_NAME = "$(TARGET_NAME)";
				SWIFT_VERSION = 5.0;
				TARGETED_DEVICE_FAMILY = "1,2";
				TEST_TARGET_NAME = BarabaraGame;
			};
			name = Release;
		};
/* End XCBuildConfiguration section */

/* Begin XCConfigurationList section */
		644F6DD423B33160002E2FC3 /* Build configuration list for PBXProject "BarabaraGame" */ = {
			isa = XCConfigurationList;
			buildConfigurations = (
				644F6E0123B33165002E2FC3 /* Debug */,
				644F6E0223B33165002E2FC3 /* Release */,
			);
			defaultConfigurationIsVisible = 0;
			defaultConfigurationName = Release;
		};
		644F6E0323B33165002E2FC3 /* Build configuration list for PBXNativeTarget "BarabaraGame" */ = {
			isa = XCConfigurationList;
			buildConfigurations = (
				644F6E0423B33165002E2FC3 /* Debug */,
				644F6E0523B33165002E2FC3 /* Release */,
			);
			defaultConfigurationIsVisible = 0;
			defaultConfigurationName = Release;
		};
		644F6E0623B33165002E2FC3 /* Build configuration list for PBXNativeTarget "BarabaraGameTests" */ = {
			isa = XCConfigurationList;
			buildConfigurations = (
				644F6E0723B33165002E2FC3 /* Debug */,
				644F6E0823B33165002E2FC3 /* Release */,
			);
			defaultConfigurationIsVisible = 0;
			defaultConfigurationName = Release;
		};
		644F6E0923B33165002E2FC3 /* Build configuration list for PBXNativeTarget "BarabaraGameUITests" */ = {
			isa = XCConfigurationList;
			buildConfigurations = (
				644F6E0A23B33165002E2FC3 /* Debug */,
				644F6E0B23B33165002E2FC3 /* Release */,
			);
			defaultConfigurationIsVisible = 0;
			defaultConfigurationName = Release;
		};
/* End XCConfigurationList section */
	};
	rootObject = 644F6DD123B33160002E2FC3 /* Project object */;
}
