// !$*UTF8*$!
{
	archiveVersion = 1;
	classes = {
	};
	objectVersion = 51;
	objects = {

/* Begin PBXBuildFile section */
		5ED20B0D244710B105E89DF0 /* Pods_BarabaraGame_BarabaraGameUITests.framework in Frameworks */ = {isa = PBXBuildFile; fileRef = 5EDA38D29DC804629B37A22C /* Pods_BarabaraGame_BarabaraGameUITests.framework */; };
		640063B623EFCCFF00E0145D /* GoogleService-Info.plist in Resources */ = {isa = PBXBuildFile; fileRef = 640063B523EFCCFF00E0145D /* GoogleService-Info.plist */; };
		6417CD9723DC4BBE0038AD28 /* bgm.mp3 in Resources */ = {isa = PBXBuildFile; fileRef = 6417CD9623DC4BBE0038AD28 /* bgm.mp3 */; };
		6417CD9923DD29710038AD28 /* BGM2.mp3 in Resources */ = {isa = PBXBuildFile; fileRef = 6417CD9823DD29710038AD28 /* BGM2.mp3 */; };
		6417CD9B23DD6DAC0038AD28 /* BGM3.mp3 in Resources */ = {isa = PBXBuildFile; fileRef = 6417CD9A23DD6DAC0038AD28 /* BGM3.mp3 */; };
		644F6DDD23B33160002E2FC3 /* AppDelegate.swift in Sources */ = {isa = PBXBuildFile; fileRef = 644F6DDC23B33160002E2FC3 /* AppDelegate.swift */; };
		644F6DDF23B33160002E2FC3 /* SceneDelegate.swift in Sources */ = {isa = PBXBuildFile; fileRef = 644F6DDE23B33160002E2FC3 /* SceneDelegate.swift */; };
		644F6DE123B33160002E2FC3 /* ViewController.swift in Sources */ = {isa = PBXBuildFile; fileRef = 644F6DE023B33160002E2FC3 /* ViewController.swift */; };
		644F6DE423B33160002E2FC3 /* Main.storyboard in Resources */ = {isa = PBXBuildFile; fileRef = 644F6DE223B33160002E2FC3 /* Main.storyboard */; };
		644F6DE623B33165002E2FC3 /* Assets.xcassets in Resources */ = {isa = PBXBuildFile; fileRef = 644F6DE523B33165002E2FC3 /* Assets.xcassets */; };
		644F6DE923B33165002E2FC3 /* LaunchScreen.storyboard in Resources */ = {isa = PBXBuildFile; fileRef = 644F6DE723B33165002E2FC3 /* LaunchScreen.storyboard */; };
		644F6DF423B33165002E2FC3 /* BarabaraGameTests.swift in Sources */ = {isa = PBXBuildFile; fileRef = 644F6DF323B33165002E2FC3 /* BarabaraGameTests.swift */; };
		644F6DFF23B33165002E2FC3 /* BarabaraGameUITests.swift in Sources */ = {isa = PBXBuildFile; fileRef = 644F6DFE23B33165002E2FC3 /* BarabaraGameUITests.swift */; };
		644F6E0D23B33AAC002E2FC3 /* bar.png in Resources */ = {isa = PBXBuildFile; fileRef = 644F6E0C23B33AAC002E2FC3 /* bar.png */; };
		644F6E0F23B33AB7002E2FC3 /* tail.png in Resources */ = {isa = PBXBuildFile; fileRef = 644F6E0E23B33AB7002E2FC3 /* tail.png */; };
		644F6E1123B34418002E2FC3 /* GameViewController.swift in Sources */ = {isa = PBXBuildFile; fileRef = 644F6E1023B34418002E2FC3 /* GameViewController.swift */; };
		644F6E1323B34432002E2FC3 /* RnkingViewController.swift in Sources */ = {isa = PBXBuildFile; fileRef = 644F6E1223B34432002E2FC3 /* RnkingViewController.swift */; };
		652D354E748FD865CC25DC62 /* Pods_BarabaraGameTests.framework in Frameworks */ = {isa = PBXBuildFile; fileRef = 123EAD05BBE0444C3D5CB885 /* Pods_BarabaraGameTests.framework */; };
		A1C296961010E3A602D939F1 /* Pods_BarabaraGame.framework in Frameworks */ = {isa = PBXBuildFile; fileRef = BA42DF2CEB4B0A7C85D9AEF9 /* Pods_BarabaraGame.framework */; };
/* End PBXBuildFile section */

/* Begin PBXContainerItemProxy section */
		644F6DF023B33165002E2FC3 /* PBXContainerItemProxy */ = {
			isa = PBXContainerItemProxy;
			containerPortal = 644F6DD123B33160002E2FC3 /* Project object */;
			proxyType = 1;
			remoteGlobalIDString = 644F6DD823B33160002E2FC3;
			remoteInfo = BarabaraGame;
		};
		644F6DFB23B33165002E2FC3 /* PBXContainerItemProxy */ = {
			isa = PBXContainerItemProxy;
			containerPortal = 644F6DD123B33160002E2FC3 /* Project object */;
			proxyType = 1;
			remoteGlobalIDString = 644F6DD823B33160002E2FC3;
			remoteInfo = BarabaraGame;
		};
/* End PBXContainerItemProxy section */

/* Begin PBXFileReference section */
		123EAD05BBE0444C3D5CB885 /* Pods_BarabaraGameTests.framework */ = {isa = PBXFileReference; explicitFileType = wrapper.framework; includeInIndex = 0; path = Pods_BarabaraGameTests.framework; sourceTree = BUILT_PRODUCTS_DIR; };
		1B16A7E1BE898EB99959F823 /* Pods-BarabaraGame.debug.xcconfig */ = {isa = PBXFileReference; includeInIndex = 1; lastKnownFileType = text.xcconfig; name = "Pods-BarabaraGame.debug.xcconfig"; path = "Target Support Files/Pods-BarabaraGame/Pods-BarabaraGame.debug.xcconfig"; sourceTree = "<group>"; };
		2088643E55CDD111C23F3F4C /* Pods-BarabaraGame.release.xcconfig */ = {isa = PBXFileReference; includeInIndex = 1; lastKnownFileType = text.xcconfig; name = "Pods-BarabaraGame.release.xcconfig"; path = "Target Support Files/Pods-BarabaraGame/Pods-BarabaraGame.release.xcconfig"; sourceTree = "<group>"; };
		20D74AEAF54DBF70B8FDCF52 /* Pods-BarabaraGame-BarabaraGameUITests.release.xcconfig */ = {isa = PBXFileReference; includeInIndex = 1; lastKnownFileType = text.xcconfig; name = "Pods-BarabaraGame-BarabaraGameUITests.release.xcconfig"; path = "Target Support Files/Pods-BarabaraGame-BarabaraGameUITests/Pods-BarabaraGame-BarabaraGameUITests.release.xcconfig"; sourceTree = "<group>"; };
		531E4385D109CE4343E4F954 /* Pods-BarabaraGameTests.release.xcconfig */ = {isa = PBXFileReference; includeInIndex = 1; lastKnownFileType = text.xcconfig; name = "Pods-BarabaraGameTests.release.xcconfig"; path = "Target Support Files/Pods-BarabaraGameTests/Pods-BarabaraGameTests.release.xcconfig"; sourceTree = "<group>"; };
		5EDA38D29DC804629B37A22C /* Pods_BarabaraGame_BarabaraGameUITests.framework */ = {isa = PBXFileReference; explicitFileType = wrapper.framework; includeInIndex = 0; path = Pods_BarabaraGame_BarabaraGameUITests.framework; sourceTree = BUILT_PRODUCTS_DIR; };
		640063B523EFCCFF00E0145D /* GoogleService-Info.plist */ = {isa = PBXFileReference; fileEncoding = 4; lastKnownFileType = text.plist.xml; path = "GoogleService-Info.plist"; sourceTree = "<group>"; };
		6417CD9623DC4BBE0038AD28 /* bgm.mp3 */ = {isa = PBXFileReference; lastKnownFileType = audio.mp3; path = bgm.mp3; sourceTree = "<group>"; };
		6417CD9823DD29710038AD28 /* BGM2.mp3 */ = {isa = PBXFileReference; lastKnownFileType = audio.mp3; path = BGM2.mp3; sourceTree = "<group>"; };
		6417CD9A23DD6DAC0038AD28 /* BGM3.mp3 */ = {isa = PBXFileReference; lastKnownFileType = audio.mp3; path = BGM3.mp3; sourceTree = "<group>"; };
		644F6DD923B33160002E2FC3 /* BarabaraGame.app */ = {isa = PBXFileReference; explicitFileType = wrapper.application; includeInIndex = 0; path = BarabaraGame.app; sourceTree = BUILT_PRODUCTS_DIR; };
		644F6DDC23B33160002E2FC3 /* AppDelegate.swift */ = {isa = PBXFileReference; lastKnownFileType = sourcecode.swift; path = AppDelegate.swift; sourceTree = "<group>"; };
		644F6DDE23B33160002E2FC3 /* SceneDelegate.swift */ = {isa = PBXFileReference; lastKnownFileType = sourcecode.swift; path = SceneDelegate.swift; sourceTree = "<group>"; };
		644F6DE023B33160002E2FC3 /* ViewController.swift */ = {isa = PBXFileReference; lastKnownFileType = sourcecode.swift; path = ViewController.swift; sourceTree = "<group>"; };
		644F6DE323B33160002E2FC3 /* Base */ = {isa = PBXFileReference; lastKnownFileType = file.storyboard; name = Base; path = Base.lproj/Main.storyboard; sourceTree = "<group>"; };
		644F6DE523B33165002E2FC3 /* Assets.xcassets */ = {isa = PBXFileReference; lastKnownFileType = folder.assetcatalog; path = Assets.xcassets; sourceTree = "<group>"; };
		644F6DE823B33165002E2FC3 /* Base */ = {isa = PBXFileReference; lastKnownFileType = file.storyboard; name = Base; path = Base.lproj/LaunchScreen.storyboard; sourceTree = "<group>"; };
		644F6DEA23B33165002E2FC3 /* Info.plist */ = {isa = PBXFileReference; lastKnownFileType = text.plist.xml; path = Info.plist; sourceTree = "<group>"; };
		644F6DEF23B33165002E2FC3 /* BarabaraGameTests.xctest */ = {isa = PBXFileReference; explicitFileType = wrapper.cfbundle; includeInIndex = 0; path = BarabaraGameTests.xctest; sourceTree = BUILT_PRODUCTS_DIR; };
		644F6DF323B33165002E2FC3 /* BarabaraGameTests.swift */ = {isa = PBXFileReference; lastKnownFileType = sourcecode.swift; path = BarabaraGameTests.swift; sourceTree = "<group>"; };
		644F6DF523B33165002E2FC3 /* Info.plist */ = {isa = PBXFileReference; lastKnownFileType = text.plist.xml; path = Info.plist; sourceTree = "<group>"; };
		644F6DFA23B33165002E2FC3 /* BarabaraGameUITests.xctest */ = {isa = PBXFileReference; explicitFileType = wrapper.cfbundle; includeInIndex = 0; path = BarabaraGameUITests.xctest; sourceTree = BUILT_PRODUCTS_DIR; };
		644F6DFE23B33165002E2FC3 /* BarabaraGameUITests.swift */ = {isa = PBXFileReference; lastKnownFileType = sourcecode.swift; path = BarabaraGameUITests.swift; sourceTree = "<group>"; };
		644F6E0023B33165002E2FC3 /* Info.plist */ = {isa = PBXFileReference; lastKnownFileType = text.plist.xml; path = Info.plist; sourceTree = "<group>"; };
		644F6E0C23B33AAC002E2FC3 /* bar.png */ = {isa = PBXFileReference; lastKnownFileType = image.png; path = bar.png; sourceTree = "<group>"; };
		644F6E0E23B33AB7002E2FC3 /* tail.png */ = {isa = PBXFileReference; lastKnownFileType = image.png; path = tail.png; sourceTree = "<group>"; };
		644F6E1023B34418002E2FC3 /* GameViewController.swift */ = {isa = PBXFileReference; lastKnownFileType = sourcecode.swift; path = GameViewController.swift; sourceTree = "<group>"; };
		644F6E1223B34432002E2FC3 /* RnkingViewController.swift */ = {isa = PBXFileReference; lastKnownFileType = sourcecode.swift; path = RnkingViewController.swift; sourceTree = "<group>"; };
		81E8C84EE66697ED953F40F6 /* Pods-BarabaraGameTests.debug.xcconfig */ = {isa = PBXFileReference; includeInIndex = 1; lastKnownFileType = text.xcconfig; name = "Pods-BarabaraGameTests.debug.xcconfig"; path = "Target Support Files/Pods-BarabaraGameTests/Pods-BarabaraGameTests.debug.xcconfig"; sourceTree = "<group>"; };
		BA42DF2CEB4B0A7C85D9AEF9 /* Pods_BarabaraGame.framework */ = {isa = PBXFileReference; explicitFileType = wrapper.framework; includeInIndex = 0; path = Pods_BarabaraGame.framework; sourceTree = BUILT_PRODUCTS_DIR; };
		C0355675D73D0917B062E36A /* Pods-BarabaraGame-BarabaraGameUITests.debug.xcconfig */ = {isa = PBXFileReference; includeInIndex = 1; lastKnownFileType = text.xcconfig; name = "Pods-BarabaraGame-BarabaraGameUITests.debug.xcconfig"; path = "Target Support Files/Pods-BarabaraGame-BarabaraGameUITests/Pods-BarabaraGame-BarabaraGameUITests.debug.xcconfig"; sourceTree = "<group>"; };
/* End PBXFileReference section */

/* Begin PBXFrameworksBuildPhase section */
		644F6DD623B33160002E2FC3 /* Frameworks */ = {
			isa = PBXFrameworksBuildPhase;
			buildActionMask = 2147483647;
			files = (
				A1C296961010E3A602D939F1 /* Pods_BarabaraGame.framework in Frameworks */,
			);
			runOnlyForDeploymentPostprocessing = 0;
		};
		644F6DEC23B33165002E2FC3 /* Frameworks */ = {
			isa = PBXFrameworksBuildPhase;
			buildActionMask = 2147483647;
			files = (
				652D354E748FD865CC25DC62 /* Pods_BarabaraGameTests.framework in Frameworks */,
			);
			runOnlyForDeploymentPostprocessing = 0;
		};
		644F6DF723B33165002E2FC3 /* Frameworks */ = {
			isa = PBXFrameworksBuildPhase;
			buildActionMask = 2147483647;
			files = (
				5ED20B0D244710B105E89DF0 /* Pods_BarabaraGame_BarabaraGameUITests.framework in Frameworks */,
			);
			runOnlyForDeploymentPostprocessing = 0;
		};
/* End PBXFrameworksBuildPhase section */

/* Begin PBXGroup section */
		3E03DFD8BA7D6EE35DF8B38D /* Frameworks */ = {
			isa = PBXGroup;
			children = (
				BA42DF2CEB4B0A7C85D9AEF9 /* Pods_BarabaraGame.framework */,
				5EDA38D29DC804629B37A22C /* Pods_BarabaraGame_BarabaraGameUITests.framework */,
				123EAD05BBE0444C3D5CB885 /* Pods_BarabaraGameTests.framework */,
			);
			name = Frameworks;
			sourceTree = "<group>";
		};
		644F6DD023B33160002E2FC3 = {
			isa = PBXGroup;
			children = (
				644F6DDB23B33160002E2FC3 /* BarabaraGame */,
				644F6DF223B33165002E2FC3 /* BarabaraGameTests */,
				644F6DFD23B33165002E2FC3 /* BarabaraGameUITests */,
				644F6DDA23B33160002E2FC3 /* Products */,
				84D6629ECB4ADE907D91A410 /* Pods */,
				3E03DFD8BA7D6EE35DF8B38D /* Frameworks */,
			);
			sourceTree = "<group>";
		};
		644F6DDA23B33160002E2FC3 /* Products */ = {
			isa = PBXGroup;
			children = (
				644F6DD923B33160002E2FC3 /* BarabaraGame.app */,
				644F6DEF23B33165002E2FC3 /* BarabaraGameTests.xctest */,
				644F6DFA23B33165002E2FC3 /* BarabaraGameUITests.xctest */,
			);
			name = Products;
			sourceTree = "<group>";
		};
		644F6DDB23B33160002E2FC3 /* BarabaraGame */ = {
			isa = PBXGroup;
			children = (
				6417CD9623DC4BBE0038AD28 /* bgm.mp3 */,
				6417CD9823DD29710038AD28 /* BGM2.mp3 */,
				6417CD9A23DD6DAC0038AD28 /* BGM3.mp3 */,
				644F6E0E23B33AB7002E2FC3 /* tail.png */,
				644F6E0C23B33AAC002E2FC3 /* bar.png */,
				644F6DE223B33160002E2FC3 /* Main.storyboard */,
				644F6DE023B33160002E2FC3 /* ViewController.swift */,
				644F6E1023B34418002E2FC3 /* GameViewController.swift */,
				644F6E1223B34432002E2FC3 /* RnkingViewController.swift */,
				644F6DDC23B33160002E2FC3 /* AppDelegate.swift */,
				644F6DDE23B33160002E2FC3 /* SceneDelegate.swift */,
				644F6DE523B33165002E2FC3 /* Assets.xcassets */,
				644F6DE723B33165002E2FC3 /* LaunchScreen.storyboard */,
				640063B523EFCCFF00E0145D /* GoogleService-Info.plist */,
				644F6DEA23B33165002E2FC3 /* Info.plist */,
			);
			path = BarabaraGame;
			sourceTree = "<group>";
		};
		644F6DF223B33165002E2FC3 /* BarabaraGameTests */ = {
			isa = PBXGroup;
			children = (
				644F6DF323B33165002E2FC3 /* BarabaraGameTests.swift */,
				644F6DF523B33165002E2FC3 /* Info.plist */,
			);
			path = BarabaraGameTests;
			sourceTree = "<group>";
		};
		644F6DFD23B33165002E2FC3 /* BarabaraGameUITests */ = {
			isa = PBXGroup;
			children = (
				644F6DFE23B33165002E2FC3 /* BarabaraGameUITests.swift */,
				644F6E0023B33165002E2FC3 /* Info.plist */,
			);
			path = BarabaraGameUITests;
			sourceTree = "<group>";
		};
		84D6629ECB4ADE907D91A410 /* Pods */ = {
			isa = PBXGroup;
			children = (
				1B16A7E1BE898EB99959F823 /* Pods-BarabaraGame.debug.xcconfig */,
				2088643E55CDD111C23F3F4C /* Pods-BarabaraGame.release.xcconfig */,
				C0355675D73D0917B062E36A /* Pods-BarabaraGame-BarabaraGameUITests.debug.xcconfig */,
				20D74AEAF54DBF70B8FDCF52 /* Pods-BarabaraGame-BarabaraGameUITests.release.xcconfig */,
				81E8C84EE66697ED953F40F6 /* Pods-BarabaraGameTests.debug.xcconfig */,
				531E4385D109CE4343E4F954 /* Pods-BarabaraGameTests.release.xcconfig */,
			);
			path = Pods;
			sourceTree = "<group>";
		};
/* End PBXGroup section */

/* Begin PBXNativeTarget section */
		644F6DD823B33160002E2FC3 /* BarabaraGame */ = {
			isa = PBXNativeTarget;
			buildConfigurationList = 644F6E0323B33165002E2FC3 /* Build configuration list for PBXNativeTarget "BarabaraGame" */;
			buildPhases = (
				607F8D12EDC32ADA9F841A56 /* [CP] Check Pods Manifest.lock */,
				644F6DD523B33160002E2FC3 /* Sources */,
				644F6DD623B33160002E2FC3 /* Frameworks */,
				644F6DD723B33160002E2FC3 /* Resources */,
				3A056C042C50E61B7BBB6224 /* [CP] Embed Pods Frameworks */,
			);
			buildRules = (
			);
			dependencies = (
			);
			name = BarabaraGame;
			productName = BarabaraGame;
			productReference = 644F6DD923B33160002E2FC3 /* BarabaraGame.app */;
			productType = "com.apple.product-type.application";
		};
		644F6DEE23B33165002E2FC3 /* BarabaraGameTests */ = {
			isa = PBXNativeTarget;
			buildConfigurationList = 644F6E0623B33165002E2FC3 /* Build configuration list for PBXNativeTarget "BarabaraGameTests" */;
			buildPhases = (
				FC24CC6E748283A6AB7FBA0C /* [CP] Check Pods Manifest.lock */,
				644F6DEB23B33165002E2FC3 /* Sources */,
				644F6DEC23B33165002E2FC3 /* Frameworks */,
				644F6DED23B33165002E2FC3 /* Resources */,
			);
			buildRules = (
			);
			dependencies = (
				644F6DF123B33165002E2FC3 /* PBXTargetDependency */,
			);
			name = BarabaraGameTests;
			productName = BarabaraGameTests;
			productReference = 644F6DEF23B33165002E2FC3 /* BarabaraGameTests.xctest */;
			productType = "com.apple.product-type.bundle.unit-test";
		};
		644F6DF923B33165002E2FC3 /* BarabaraGameUITests */ = {
			isa = PBXNativeTarget;
			buildConfigurationList = 644F6E0923B33165002E2FC3 /* Build configuration list for PBXNativeTarget "BarabaraGameUITests" */;
			buildPhases = (
				DFCB522264743162FBBE242C /* [CP] Check Pods Manifest.lock */,
				644F6DF623B33165002E2FC3 /* Sources */,
				644F6DF723B33165002E2FC3 /* Frameworks */,
				644F6DF823B33165002E2FC3 /* Resources */,
				AFCFFEB39085E9A36C8366AC /* [CP] Embed Pods Frameworks */,
			);
			buildRules = (
			);
			dependencies = (
				644F6DFC23B33165002E2FC3 /* PBXTargetDependency */,
			);
			name = BarabaraGameUITests;
			productName = BarabaraGameUITests;
			productReference = 644F6DFA23B33165002E2FC3 /* BarabaraGameUITests.xctest */;
			productType = "com.apple.product-type.bundle.ui-testing";
		};
/* End PBXNativeTarget section */

/* Begin PBXProject section */
		644F6DD123B33160002E2FC3 /* Project object */ = {
			isa = PBXProject;
			attributes = {
				LastSwiftUpdateCheck = 1120;
				LastUpgradeCheck = 1120;
				ORGANIZATIONNAME = "Kazuma Adachi";
				TargetAttributes = {
					644F6DD823B33160002E2FC3 = {
						CreatedOnToolsVersion = 11.2.1;
					};
					644F6DEE23B33165002E2FC3 = {
						CreatedOnToolsVersion = 11.2.1;
						TestTargetID = 644F6DD823B33160002E2FC3;
					};
					644F6DF923B33165002E2FC3 = {
						CreatedOnToolsVersion = 11.2.1;
						TestTargetID = 644F6DD823B33160002E2FC3;
					};
				};
			};
			buildConfigurationList = 644F6DD423B33160002E2FC3 /* Build configuration list for PBXProject "BarabaraGame" */;
			compatibilityVersion = "Xcode 9.3";
			developmentRegion = en;
			hasScannedForEncodings = 0;
			knownRegions = (
				en,
				Base,
			);
			mainGroup = 644F6DD023B33160002E2FC3;
			productRefGroup = 644F6DDA23B33160002E2FC3 /* Products */;
			projectDirPath = "";
			projectRoot = "";
			targets = (
				644F6DD823B33160002E2FC3 /* BarabaraGame */,
				644F6DEE23B33165002E2FC3 /* BarabaraGameTests */,
				644F6DF923B33165002E2FC3 /* BarabaraGameUITests */,
			);
		};
/* End PBXProject section */

/* Begin PBXResourcesBuildPhase section */
		644F6DD723B33160002E2FC3 /* Resources */ = {
			isa = PBXResourcesBuildPhase;
			buildActionMask = 2147483647;
			files = (
				644F6DE923B33165002E2FC3 /* LaunchScreen.storyboard in Resources */,
				6417CD9923DD29710038AD28 /* BGM2.mp3 in Resources */,
				640063B623EFCCFF00E0145D /* GoogleService-Info.plist in Resources */,
				644F6E0F23B33AB7002E2FC3 /* tail.png in Resources */,
				644F6DE623B33165002E2FC3 /* Assets.xcassets in Resources */,
				644F6DE423B33160002E2FC3 /* Main.storyboard in Resources */,
				6417CD9723DC4BBE0038AD28 /* bgm.mp3 in Resources */,
				6417CD9B23DD6DAC0038AD28 /* BGM3.mp3 in Resources */,
				644F6E0D23B33AAC002E2FC3 /* bar.png in Resources */,
			);
			runOnlyForDeploymentPostprocessing = 0;
		};
		644F6DED23B33165002E2FC3 /* Resources */ = {
			isa = PBXResourcesBuildPhase;
			buildActionMask = 2147483647;
			files = (
			);
			runOnlyForDeploymentPostprocessing = 0;
		};
		644F6DF823B33165002E2FC3 /* Resources */ = {
			isa = PBXResourcesBuildPhase;
			buildActionMask = 2147483647;
			files = (
			);
			runOnlyForDeploymentPostprocessing = 0;
		};
/* End PBXResourcesBuildPhase section */

/* Begin PBXShellScriptBuildPhase section */
		3A056C042C50E61B7BBB6224 /* [CP] Embed Pods Frameworks */ = {
			isa = PBXShellScriptBuildPhase;
			buildActionMask = 2147483647;
			files = (
			);
			inputFileListPaths = (
				"${PODS_ROOT}/Target Support Files/Pods-BarabaraGame/Pods-BarabaraGame-frameworks-${CONFIGURATION}-input-files.xcfilelist",
			);
			name = "[CP] Embed Pods Frameworks";
			outputFileListPaths = (
				"${PODS_ROOT}/Target Support Files/Pods-BarabaraGame/Pods-BarabaraGame-frameworks-${CONFIGURATION}-output-files.xcfilelist",
			);
			runOnlyForDeploymentPostprocessing = 0;
			shellPath = /bin/sh;
			shellScript = "\"${PODS_ROOT}/Target Support Files/Pods-BarabaraGame/Pods-BarabaraGame-frameworks.sh\"\n";
			showEnvVarsInLog = 0;
		};
		607F8D12EDC32ADA9F841A56 /* [CP] Check Pods Manifest.lock */ = {
			isa = PBXShellScriptBuildPhase;
			buildActionMask = 2147483647;
			files = (
			);
			inputFileListPaths = (
			);
			inputPaths = (
				"${PODS_PODFILE_DIR_PATH}/Podfile.lock",
				"${PODS_ROOT}/Manifest.lock",
			);
			name = "[CP] Check Pods Manifest.lock";
			outputFileListPaths = (
			);
			outputPaths = (
				"$(DERIVED_FILE_DIR)/Pods-BarabaraGame-checkManifestLockResult.txt",
			);
			runOnlyForDeploymentPostprocessing = 0;
			shellPath = /bin/sh;
			shellScript = "diff \"${PODS_PODFILE_DIR_PATH}/Podfile.lock\" \"${PODS_ROOT}/Manifest.lock\" > /dev/null\nif [ $? != 0 ] ; then\n    # print error to STDERR\n    echo \"error: The sandbox is not in sync with the Podfile.lock. Run 'pod install' or update your CocoaPods installation.\" >&2\n    exit 1\nfi\n# This output is used by Xcode 'outputs' to avoid re-running this script phase.\necho \"SUCCESS\" > \"${SCRIPT_OUTPUT_FILE_0}\"\n";
			showEnvVarsInLog = 0;
		};
		AFCFFEB39085E9A36C8366AC /* [CP] Embed Pods Frameworks */ = {
			isa = PBXShellScriptBuildPhase;
			buildActionMask = 2147483647;
			files = (
			);
			inputFileListPaths = (
				"${PODS_ROOT}/Target Support Files/Pods-BarabaraGame-BarabaraGameUITests/Pods-BarabaraGame-BarabaraGameUITests-frameworks-${CONFIGURATION}-input-files.xcfilelist",
			);
			name = "[CP] Embed Pods Frameworks";
			outputFileListPaths = (
				"${PODS_ROOT}/Target Support Files/Pods-BarabaraGame-BarabaraGameUITests/Pods-BarabaraGame-BarabaraGameUITests-frameworks-${CONFIGURATION}-output-files.xcfilelist",
			);
			runOnlyForDeploymentPostprocessing = 0;
			shellPath = /bin/sh;
			shellScript = "\"${PODS_ROOT}/Target Support Files/Pods-BarabaraGame-BarabaraGameUITests/Pods-BarabaraGame-BarabaraGameUITests-frameworks.sh\"\n";
			showEnvVarsInLog = 0;
		};
		DFCB522264743162FBBE242C /* [CP] Check Pods Manifest.lock */ = {
			isa = PBXShellScriptBuildPhase;
			buildActionMask = 2147483647;
			files = (
			);
			inputFileListPaths = (
			);
			inputPaths = (
				"${PODS_PODFILE_DIR_PATH}/Podfile.lock",
				"${PODS_ROOT}/Manifest.lock",
			);
			name = "[CP] Check Pods Manifest.lock";
			outputFileListPaths = (
			);
			outputPaths = (
				"$(DERIVED_FILE_DIR)/Pods-BarabaraGame-BarabaraGameUITests-checkManifestLockResult.txt",
			);
			runOnlyForDeploymentPostprocessing = 0;
			shellPath = /bin/sh;
			shellScript = "diff \"${PODS_PODFILE_DIR_PATH}/Podfile.lock\" \"${PODS_ROOT}/Manifest.lock\" > /dev/null\nif [ $? != 0 ] ; then\n    # print error to STDERR\n    echo \"error: The sandbox is not in sync with the Podfile.lock. Run 'pod install' or update your CocoaPods installation.\" >&2\n    exit 1\nfi\n# This output is used by Xcode 'outputs' to avoid re-running this script phase.\necho \"SUCCESS\" > \"${SCRIPT_OUTPUT_FILE_0}\"\n";
			showEnvVarsInLog = 0;
		};
		FC24CC6E748283A6AB7FBA0C /* [CP] Check Pods Manifest.lock */ = {
			isa = PBXShellScriptBuildPhase;
			buildActionMask = 2147483647;
			files = (
			);
			inputFileListPaths = (
			);
			inputPaths = (
				"${PODS_PODFILE_DIR_PATH}/Podfile.lock",
				"${PODS_ROOT}/Manifest.lock",
			);
			name = "[CP] Check Pods Manifest.lock";
			outputFileListPaths = (
			);
			outputPaths = (
				"$(DERIVED_FILE_DIR)/Pods-BarabaraGameTests-checkManifestLockResult.txt",
			);
			runOnlyForDeploymentPostprocessing = 0;
			shellPath = /bin/sh;
			shellScript = "diff \"${PODS_PODFILE_DIR_PATH}/Podfile.lock\" \"${PODS_ROOT}/Manifest.lock\" > /dev/null\nif [ $? != 0 ] ; then\n    # print error to STDERR\n    echo \"error: The sandbox is not in sync with the Podfile.lock. Run 'pod install' or update your CocoaPods installation.\" >&2\n    exit 1\nfi\n# This output is used by Xcode 'outputs' to avoid re-running this script phase.\necho \"SUCCESS\" > \"${SCRIPT_OUTPUT_FILE_0}\"\n";
			showEnvVarsInLog = 0;
		};
/* End PBXShellScriptBuildPhase section */

/* Begin PBXSourcesBuildPhase section */
		644F6DD523B33160002E2FC3 /* Sources */ = {
			isa = PBXSourcesBuildPhase;
			buildActionMask = 2147483647;
			files = (
				644F6E1123B34418002E2FC3 /* GameViewController.swift in Sources */,
				644F6DE123B33160002E2FC3 /* ViewController.swift in Sources */,
				644F6E1323B34432002E2FC3 /* RnkingViewController.swift in Sources */,
				644F6DDD23B33160002E2FC3 /* AppDelegate.swift in Sources */,
				644F6DDF23B33160002E2FC3 /* SceneDelegate.swift in Sources */,
			);
			runOnlyForDeploymentPostprocessing = 0;
		};
		644F6DEB23B33165002E2FC3 /* Sources */ = {
			isa = PBXSourcesBuildPhase;
			buildActionMask = 2147483647;
			files = (
				644F6DF423B33165002E2FC3 /* BarabaraGameTests.swift in Sources */,
			);
			runOnlyForDeploymentPostprocessing = 0;
		};
		644F6DF623B33165002E2FC3 /* Sources */ = {
			isa = PBXSourcesBuildPhase;
			buildActionMask = 2147483647;
			files = (
				644F6DFF23B33165002E2FC3 /* BarabaraGameUITests.swift in Sources */,
			);
			runOnlyForDeploymentPostprocessing = 0;
		};
/* End PBXSourcesBuildPhase section */

/* Begin PBXTargetDependency section */
		644F6DF123B33165002E2FC3 /* PBXTargetDependency */ = {
			isa = PBXTargetDependency;
			target = 644F6DD823B33160002E2FC3 /* BarabaraGame */;
			targetProxy = 644F6DF023B33165002E2FC3 /* PBXContainerItemProxy */;
		};
		644F6DFC23B33165002E2FC3 /* PBXTargetDependency */ = {
			isa = PBXTargetDependency;
			target = 644F6DD823B33160002E2FC3 /* BarabaraGame */;
			targetProxy = 644F6DFB23B33165002E2FC3 /* PBXContainerItemProxy */;
		};
/* End PBXTargetDependency section */

/* Begin PBXVariantGroup section */
		644F6DE223B33160002E2FC3 /* Main.storyboard */ = {
			isa = PBXVariantGroup;
			children = (
				644F6DE323B33160002E2FC3 /* Base */,
			);
			name = Main.storyboard;
			sourceTree = "<group>";
		};
		644F6DE723B33165002E2FC3 /* LaunchScreen.storyboard */ = {
			isa = PBXVariantGroup;
			children = (
				644F6DE823B33165002E2FC3 /* Base */,
			);
			name = LaunchScreen.storyboard;
			sourceTree = "<group>";
		};
/* End PBXVariantGroup section */

/* Begin XCBuildConfiguration section */
		644F6E0123B33165002E2FC3 /* Debug */ = {
			isa = XCBuildConfiguration;
			buildSettings = {
				ALWAYS_SEARCH_USER_PATHS = NO;
				CLANG_ANALYZER_NONNULL = YES;
				CLANG_ANALYZER_NUMBER_OBJECT_CONVERSION = YES_AGGRESSIVE;
				CLANG_CXX_LANGUAGE_STANDARD = "gnu++14";
				CLANG_CXX_LIBRARY = "libc++";
				CLANG_ENABLE_MODULES = YES;
				CLANG_ENABLE_OBJC_ARC = YES;
				CLANG_ENABLE_OBJC_WEAK = YES;
				CLANG_WARN_BLOCK_CAPTURE_AUTORELEASING = YES;
				CLANG_WARN_BOOL_CONVERSION = YES;
				CLANG_WARN_COMMA = YES;
				CLANG_WARN_CONSTANT_CONVERSION = YES;
				CLANG_WARN_DEPRECATED_OBJC_IMPLEMENTATIONS = YES;
				CLANG_WARN_DIRECT_OBJC_ISA_USAGE = YES_ERROR;
				CLANG_WARN_DOCUMENTATION_COMMENTS = YES;
				CLANG_WARN_EMPTY_BODY = YES;
				CLANG_WARN_ENUM_CONVERSION = YES;
				CLANG_WARN_INFINITE_RECURSION = YES;
				CLANG_WARN_INT_CONVERSION = YES;
				CLANG_WARN_NON_LITERAL_NULL_CONVERSION = YES;
				CLANG_WARN_OBJC_IMPLICIT_RETAIN_SELF = YES;
				CLANG_WARN_OBJC_LITERAL_CONVERSION = YES;
				CLANG_WARN_OBJC_ROOT_CLASS = YES_ERROR;
				CLANG_WARN_RANGE_LOOP_ANALYSIS = YES;
				CLANG_WARN_STRICT_PROTOTYPES = YES;
				CLANG_WARN_SUSPICIOUS_MOVE = YES;
				CLANG_WARN_UNGUARDED_AVAILABILITY = YES_AGGRESSIVE;
				CLANG_WARN_UNREACHABLE_CODE = YES;
				CLANG_WARN__DUPLICATE_METHOD_MATCH = YES;
				COPY_PHASE_STRIP = NO;
				DEBUG_INFORMATION_FORMAT = dwarf;
				ENABLE_STRICT_OBJC_MSGSEND = YES;
				ENABLE_TESTABILITY = YES;
				GCC_C_LANGUAGE_STANDARD = gnu11;
				GCC_DYNAMIC_NO_PIC = NO;
				GCC_NO_COMMON_BLOCKS = YES;
				GCC_OPTIMIZATION_LEVEL = 0;
				GCC_PREPROCESSOR_DEFINITIONS = (
					"DEBUG=1",
					"$(inherited)",
				);
				GCC_WARN_64_TO_32_BIT_CONVERSION = YES;
				GCC_WARN_ABOUT_RETURN_TYPE = YES_ERROR;
				GCC_WARN_UNDECLARED_SELECTOR = YES;
				GCC_WARN_UNINITIALIZED_AUTOS = YES_AGGRESSIVE;
				GCC_WARN_UNUSED_FUNCTION = YES;
				GCC_WARN_UNUSED_VARIABLE = YES;
				IPHONEOS_DEPLOYMENT_TARGET = 13.2;
				MTL_ENABLE_DEBUG_INFO = INCLUDE_SOURCE;
				MTL_FAST_MATH = YES;
				ONLY_ACTIVE_ARCH = NO;
				SDKROOT = iphoneos;
				SWIFT_ACTIVE_COMPILATION_CONDITIONS = DEBUG;
				SWIFT_OPTIMIZATION_LEVEL = "-Onone";
			};
			name = Debug;
		};
		644F6E0223B33165002E2FC3 /* Release */ = {
			isa = XCBuildConfiguration;
			buildSettings = {
				ALWAYS_SEARCH_USER_PATHS = NO;
				CLANG_ANALYZER_NONNULL = YES;
				CLANG_ANALYZER_NUMBER_OBJECT_CONVERSION = YES_AGGRESSIVE;
				CLANG_CXX_LANGUAGE_STANDARD = "gnu++14";
				CLANG_CXX_LIBRARY = "libc++";
				CLANG_ENABLE_MODULES = YES;
				CLANG_ENABLE_OBJC_ARC = YES;
				CLANG_ENABLE_OBJC_WEAK = YES;
				CLANG_WARN_BLOCK_CAPTURE_AUTORELEASING = YES;
				CLANG_WARN_BOOL_CONVERSION = YES;
				CLANG_WARN_COMMA = YES;
				CLANG_WARN_CONSTANT_CONVERSION = YES;
				CLANG_WARN_DEPRECATED_OBJC_IMPLEMENTATIONS = YES;
				CLANG_WARN_DIRECT_OBJC_ISA_USAGE = YES_ERROR;
				CLANG_WARN_DOCUMENTATION_COMMENTS = YES;
				CLANG_WARN_EMPTY_BODY = YES;
				CLANG_WARN_ENUM_CONVERSION = YES;
				CLANG_WARN_INFINITE_RECURSION = YES;
				CLANG_WARN_INT_CONVERSION = YES;
				CLANG_WARN_NON_LITERAL_NULL_CONVERSION = YES;
				CLANG_WARN_OBJC_IMPLICIT_RETAIN_SELF = YES;
				CLANG_WARN_OBJC_LITERAL_CONVERSION = YES;
				CLANG_WARN_OBJC_ROOT_CLASS = YES_ERROR;
				CLANG_WARN_RANGE_LOOP_ANALYSIS = YES;
				CLANG_WARN_STRICT_PROTOTYPES = YES;
				CLANG_WARN_SUSPICIOUS_MOVE = YES;
				CLANG_WARN_UNGUARDED_AVAILABILITY = YES_AGGRESSIVE;
				CLANG_WARN_UNREACHABLE_CODE = YES;
				CLANG_WARN__DUPLICATE_METHOD_MATCH = YES;
				COPY_PHASE_STRIP = NO;
				DEBUG_INFORMATION_FORMAT = "dwarf-with-dsym";
				ENABLE_NS_ASSERTIONS = NO;
				ENABLE_STRICT_OBJC_MSGSEND = YES;
				GCC_C_LANGUAGE_STANDARD = gnu11;
				GCC_NO_COMMON_BLOCKS = YES;
				GCC_WARN_64_TO_32_BIT_CONVERSION = YES;
				GCC_WARN_ABOUT_RETURN_TYPE = YES_ERROR;
				GCC_WARN_UNDECLARED_SELECTOR = YES;
				GCC_WARN_UNINITIALIZED_AUTOS = YES_AGGRESSIVE;
				GCC_WARN_UNUSED_FUNCTION = YES;
				GCC_WARN_UNUSED_VARIABLE = YES;
				IPHONEOS_DEPLOYMENT_TARGET = 13.2;
				MTL_ENABLE_DEBUG_INFO = NO;
				MTL_FAST_MATH = YES;
				SDKROOT = iphoneos;
				SWIFT_COMPILATION_MODE = wholemodule;
				SWIFT_OPTIMIZATION_LEVEL = "-O";
				VALIDATE_PRODUCT = YES;
			};
			name = Release;
		};
		644F6E0423B33165002E2FC3 /* Debug */ = {
			isa = XCBuildConfiguration;
			baseConfigurationReference = 1B16A7E1BE898EB99959F823 /* Pods-BarabaraGame.debug.xcconfig */;
			buildSettings = {
				ASSETCATALOG_COMPILER_APPICON_NAME = AppIcon;
				CODE_SIGN_STYLE = Automatic;
				INFOPLIST_FILE = BarabaraGame/Info.plist;
				LD_RUNPATH_SEARCH_PATHS = (
					"$(inherited)",
					"@executable_path/Frameworks",
				);
				PRODUCT_BUNDLE_IDENTIFIER = app.adachi.kazuma.BarabaraGame;
				PRODUCT_NAME = "$(TARGET_NAME)";
				SWIFT_VERSION = 5.0;
				TARGETED_DEVICE_FAMILY = "1,2";
			};
			name = Debug;
		};
		644F6E0523B33165002E2FC3 /* Release */ = {
			isa = XCBuildConfiguration;
			baseConfigurationReference = 2088643E55CDD111C23F3F4C /* Pods-BarabaraGame.release.xcconfig */;
			buildSettings = {
				ASSETCATALOG_COMPILER_APPICON_NAME = AppIcon;
				CODE_SIGN_STYLE = Automatic;
				INFOPLIST_FILE = BarabaraGame/Info.plist;
				LD_RUNPATH_SEARCH_PATHS = (
					"$(inherited)",
					"@executable_path/Frameworks",
				);
				PRODUCT_BUNDLE_IDENTIFIER = app.adachi.kazuma.BarabaraGame;
				PRODUCT_NAME = "$(TARGET_NAME)";
				SWIFT_VERSION = 5.0;
				TARGETED_DEVICE_FAMILY = "1,2";
			};
			name = Release;
		};
		644F6E0723B33165002E2FC3 /* Debug */ = {
			isa = XCBuildConfiguration;
			baseConfigurationReference = 81E8C84EE66697ED953F40F6 /* Pods-BarabaraGameTests.debug.xcconfig */;
			buildSettings = {
				ALWAYS_EMBED_SWIFT_STANDARD_LIBRARIES = YES;
				BUNDLE_LOADER = "$(TEST_HOST)";
				CODE_SIGN_STYLE = Automatic;
				INFOPLIST_FILE = BarabaraGameTests/Info.plist;
				IPHONEOS_DEPLOYMENT_TARGET = 13.2;
				LD_RUNPATH_SEARCH_PATHS = (
					"$(inherited)",
					"@executable_path/Frameworks",
					"@loader_path/Frameworks",
				);
				PRODUCT_BUNDLE_IDENTIFIER = app.adachi.kazuma.BarabaraGameTests;
				PRODUCT_NAME = "$(TARGET_NAME)";
				SWIFT_VERSION = 5.0;
				TARGETED_DEVICE_FAMILY = "1,2";
				TEST_HOST = "$(BUILT_PRODUCTS_DIR)/BarabaraGame.app/BarabaraGame";
			};
			name = Debug;
		};
		644F6E0823B33165002E2FC3 /* Release */ = {
			isa = XCBuildConfiguration;
			baseConfigurationReference = 531E4385D109CE4343E4F954 /* Pods-BarabaraGameTests.release.xcconfig */;
			buildSettings = {
				ALWAYS_EMBED_SWIFT_STANDARD_LIBRARIES = YES;
				BUNDLE_LOADER = "$(TEST_HOST)";
				CODE_SIGN_STYLE = Automatic;
				INFOPLIST_FILE = BarabaraGameTests/Info.plist;
				IPHONEOS_DEPLOYMENT_TARGET = 13.2;
				LD_RUNPATH_SEARCH_PATHS = (
					"$(inherited)",
					"@executable_path/Frameworks",
					"@loader_path/Frameworks",
				);
				PRODUCT_BUNDLE_IDENTIFIER = app.adachi.kazuma.BarabaraGameTests;
				PRODUCT_NAME = "$(TARGET_NAME)";
				SWIFT_VERSION = 5.0;
				TARGETED_DEVICE_FAMILY = "1,2";
				TEST_HOST = "$(BUILT_PRODUCTS_DIR)/BarabaraGame.app/BarabaraGame";
			};
			name = Release;
		};
		644F6E0A23B33165002E2FC3 /* Debug */ = {
			isa = XCBuildConfiguration;
			baseConfigurationReference = C0355675D73D0917B062E36A /* Pods-BarabaraGame-BarabaraGameUITests.debug.xcconfig */;
			buildSettings = {
				ALWAYS_EMBED_SWIFT_STANDARD_LIBRARIES = YES;
				CODE_SIGN_STYLE = Automatic;
				INFOPLIST_FILE = BarabaraGameUITests/Info.plist;
				LD_RUNPATH_SEARCH_PATHS = (
					"$(inherited)",
					"@executable_path/Frameworks",
					"@loader_path/Frameworks",
				);
				PRODUCT_BUNDLE_IDENTIFIER = app.adachi.kazuma.BarabaraGameUITests;
				PRODUCT_NAME = "$(TARGET_NAME)";
				SWIFT_VERSION = 5.0;
				TARGETED_DEVICE_FAMILY = "1,2";
				TEST_TARGET_NAME = BarabaraGame;
			};
			name = Debug;
		};
		644F6E0B23B33165002E2FC3 /* Release */ = {
			isa = XCBuildConfiguration;
			baseConfigurationReference = 20D74AEAF54DBF70B8FDCF52 /* Pods-BarabaraGame-BarabaraGameUITests.release.xcconfig */;
			buildSettings = {
				ALWAYS_EMBED_SWIFT_STANDARD_LIBRARIES = YES;
				CODE_SIGN_STYLE = Automatic;
				INFOPLIST_FILE = BarabaraGameUITests/Info.plist;
				LD_RUNPATH_SEARCH_PATHS = (
					"$(inherited)",
					"@executable_path/Frameworks",
					"@loader_path/Frameworks",
				);
				PRODUCT_BUNDLE_IDENTIFIER = app.adachi.kazuma.BarabaraGameUITests;
				PRODUCT_NAME = "$(TARGET_NAME)";
				SWIFT_VERSION = 5.0;
				TARGETED_DEVICE_FAMILY = "1,2";
				TEST_TARGET_NAME = BarabaraGame;
			};
			name = Release;
		};
/* End XCBuildConfiguration section */

/* Begin XCConfigurationList section */
		644F6DD423B33160002E2FC3 /* Build configuration list for PBXProject "BarabaraGame" */ = {
			isa = XCConfigurationList;
			buildConfigurations = (
				644F6E0123B33165002E2FC3 /* Debug */,
				644F6E0223B33165002E2FC3 /* Release */,
			);
			defaultConfigurationIsVisible = 0;
			defaultConfigurationName = Release;
		};
		644F6E0323B33165002E2FC3 /* Build configuration list for PBXNativeTarget "BarabaraGame" */ = {
			isa = XCConfigurationList;
			buildConfigurations = (
				644F6E0423B33165002E2FC3 /* Debug */,
				644F6E0523B33165002E2FC3 /* Release */,
			);
			defaultConfigurationIsVisible = 0;
			defaultConfigurationName = Release;
		};
		644F6E0623B33165002E2FC3 /* Build configuration list for PBXNativeTarget "BarabaraGameTests" */ = {
			isa = XCConfigurationList;
			buildConfigurations = (
				644F6E0723B33165002E2FC3 /* Debug */,
				644F6E0823B33165002E2FC3 /* Release */,
			);
			defaultConfigurationIsVisible = 0;
			defaultConfigurationName = Release;
		};
		644F6E0923B33165002E2FC3 /* Build configuration list for PBXNativeTarget "BarabaraGameUITests" */ = {
			isa = XCConfigurationList;
			buildConfigurations = (
				644F6E0A23B33165002E2FC3 /* Debug */,
				644F6E0B23B33165002E2FC3 /* Release */,
			);
			defaultConfigurationIsVisible = 0;
			defaultConfigurationName = Release;
		};
/* End XCConfigurationList section */
	};
	rootObject = 644F6DD123B33160002E2FC3 /* Project object */;
}
